Microsoft Visual Studio Solution File, Format Version 12.00
# Visual Studio Version 17
VisualStudioVersion = 17.5.2.0
MinimumVisualStudioVersion = 10.0.40219.1
Project("{FAE04EC0-301F-11D3-BF4B-00C04F79EFBC}") = "EVStation-basedRentalSysteEM.Services.CarAPI", "EVStation-basedRentalSysteEM.Services.CarAPI.csproj", "{15CA90CE-543F-CD7C-4B50-472F337B6666}"
EndProject
Global
	GlobalSection(SolutionConfigurationPlatforms) = preSolution
		Debug|Any CPU = Debug|Any CPU
		Release|Any CPU = Release|Any CPU
	EndGlobalSection
	GlobalSection(ProjectConfigurationPlatforms) = postSolution
		{15CA90CE-543F-CD7C-4B50-472F337B6666}.Debug|Any CPU.ActiveCfg = Debug|Any CPU
		{15CA90CE-543F-CD7C-4B50-472F337B6666}.Debug|Any CPU.Build.0 = Debug|Any CPU
		{15CA90CE-543F-CD7C-4B50-472F337B6666}.Release|Any CPU.ActiveCfg = Release|Any CPU
		{15CA90CE-543F-CD7C-4B50-472F337B6666}.Release|Any CPU.Build.0 = Release|Any CPU
	EndGlobalSection
	GlobalSection(SolutionProperties) = preSolution
		HideSolutionNode = FALSE
	EndGlobalSection
	GlobalSection(ExtensibilityGlobals) = postSolution
		SolutionGuid = {521F0914-51AE-4FF0-8CFC-12CD623D104C}
	EndGlobalSection
EndGlobal
