
Microsoft Visual Studio Solution File, Format Version 12.00
# Visual Studio Version 17
VisualStudioVersion = 17.13.35919.96
MinimumVisualStudioVersion = 10.0.40219.1
Project("{2150E333-8FDC-42A3-9474-1A3956D46DE8}") = "FrontEnd", "FrontEnd", "{02EA681E-C7D8-13C7-8484-4AC65E1B71E8}"
EndProject
Project("{2150E333-8FDC-42A3-9474-1A3956D46DE8}") = "GateWay", "GateWay", "{FE1D8269-EDFD-4521-B2A5-6F59217F8E40}"
EndProject
Project("{2150E333-8FDC-42A3-9474-1A3956D46DE8}") = "Intergration", "Intergration", "{D9099E5C-C220-4247-8633-5A71E777E2B8}"
EndProject
Project("{2150E333-8FDC-42A3-9474-1A3956D46DE8}") = "Services", "Services", "{2AE8D88D-EFDA-4668-B50B-F3EFB15CAD48}"
EndProject
Project("{FAE04EC0-301F-11D3-BF4B-00C04F79EFBC}") = "EVStation-basedRentalSystem.Services.AuthAPI", "EVStation-basedRentalSystem.Services.CouponAPI\EVStation-basedRentalSystem.Services.AuthAPI.csproj", "{C2A154B5-B432-4C4E-AEF5-8E11EA3D9C0D}"
EndProject
Project("{FAE04EC0-301F-11D3-BF4B-00C04F79EFBC}") = "EVStation-basedRentalSystem.Services.UserAPI", "EVStation-basedRentalSystem.Services.UserAPI\EVStation-basedRentalSystem.Services.UserAPI.csproj", "{6D7CB9F2-4743-4057-A3F2-06A2C9B41D3C}"
EndProject
Project("{FAE04EC0-301F-11D3-BF4B-00C04F79EFBC}") = "EVStation-basedRentalSystem.Services.MailAPI", "EVStation-basedRentalSystem.Services.MailAPI\EVStation-basedRentalSystem.Services.MailAPI.csproj", "{44632EE2-1BFD-4FEB-ABDF-787948C6AFE2}"
EndProject
Project("{FAE04EC0-301F-11D3-BF4B-00C04F79EFBC}") = "EVStation-basedRentalSysteEM.Services.CarAPI", "EVStation-basedRentalSysteEM.Services.CarAPI\EVStation-basedRentalSysteEM.Services.CarAPI.csproj", "{C9A398F2-1336-4ACE-851F-49ACB04995F3}"
EndProject
Project("{FAE04EC0-301F-11D3-BF4B-00C04F79EFBC}") = "EVStation-basedRentalSysteEM.Services.BookingAPI", "EVStation-basedRentalSysteEM.Services.BookingAPI\EVStation-basedRentalSysteEM.Services.BookingAPI.csproj", "{79D863FC-64DC-4231-9AA6-DDE2B61D5757}"
EndProject
Project("{FAE04EC0-301F-11D3-BF4B-00C04F79EFBC}") = "EVSation.APIGateway", "EVSation.APIGateway\EVSation.APIGateway.csproj", "{F35B0B68-A851-4132-8123-768097AA50E6}"
EndProject
Project("{FAE04EC0-301F-11D3-BF4B-00C04F79EFBC}") = "EVStation-basedRendtalSystem.Services.StationAPI", "EVStation-basedRendtalSystem.Services.StationAPI\EVStation-basedRendtalSystem.Services.StationAPI.csproj", "{C502C85D-0E9B-45E7-BF04-0CC032FBC431}"
EndProject
Project("{FAE04EC0-301F-11D3-BF4B-00C04F79EFBC}") = "EVStation-basedRendtalSystem.Services.PaymentAPI", "EVStation-basedRendtalSystem.Services.PaymentAPI\EVStation-basedRendtalSystem.Services.PaymentAPI.csproj", "{D3D03543-5F89-4660-8B39-6D13CD97FEEF}"
EndProject
Project("{FAE04EC0-301F-11D3-BF4B-00C04F79EFBC}") = "EVStation-basedRendtalSystem.Services.FeedbackAPI", "EVStation-basedRendtalSystem.Services.FeedbackAPI\EVStation-basedRendtalSystem.Services.FeedbackAPI.csproj", "{6427971D-9783-4519-BEED-B2B1D61B0C0D}"
EndProject
Project("{FAE04EC0-301F-11D3-BF4B-00C04F79EFBC}") = "EVStation-basedRendtalSystem.Services.ContractAPI", "EVStation-basedRendtalSystem.Services.ContractAPI\EVStation-basedRendtalSystem.Services.ContractAPI.csproj", "{44695AAA-6BFB-4F32-819E-DC3A9E366762}"
EndProject
Global
	GlobalSection(SolutionConfigurationPlatforms) = preSolution
		Debug|Any CPU = Debug|Any CPU
		Release|Any CPU = Release|Any CPU
	EndGlobalSection
	GlobalSection(ProjectConfigurationPlatforms) = postSolution
		{C2A154B5-B432-4C4E-AEF5-8E11EA3D9C0D}.Debug|Any CPU.ActiveCfg = Debug|Any CPU
		{C2A154B5-B432-4C4E-AEF5-8E11EA3D9C0D}.Debug|Any CPU.Build.0 = Debug|Any CPU
		{C2A154B5-B432-4C4E-AEF5-8E11EA3D9C0D}.Release|Any CPU.ActiveCfg = Release|Any CPU
		{C2A154B5-B432-4C4E-AEF5-8E11EA3D9C0D}.Release|Any CPU.Build.0 = Release|Any CPU
		{6D7CB9F2-4743-4057-A3F2-06A2C9B41D3C}.Debug|Any CPU.ActiveCfg = Debug|Any CPU
		{6D7CB9F2-4743-4057-A3F2-06A2C9B41D3C}.Debug|Any CPU.Build.0 = Debug|Any CPU
		{6D7CB9F2-4743-4057-A3F2-06A2C9B41D3C}.Release|Any CPU.ActiveCfg = Release|Any CPU
		{6D7CB9F2-4743-4057-A3F2-06A2C9B41D3C}.Release|Any CPU.Build.0 = Release|Any CPU
		{44632EE2-1BFD-4FEB-ABDF-787948C6AFE2}.Debug|Any CPU.ActiveCfg = Debug|Any CPU
		{44632EE2-1BFD-4FEB-ABDF-787948C6AFE2}.Debug|Any CPU.Build.0 = Debug|Any CPU
		{44632EE2-1BFD-4FEB-ABDF-787948C6AFE2}.Release|Any CPU.ActiveCfg = Release|Any CPU
		{44632EE2-1BFD-4FEB-ABDF-787948C6AFE2}.Release|Any CPU.Build.0 = Release|Any CPU
		{C9A398F2-1336-4ACE-851F-49ACB04995F3}.Debug|Any CPU.ActiveCfg = Debug|Any CPU
		{C9A398F2-1336-4ACE-851F-49ACB04995F3}.Debug|Any CPU.Build.0 = Debug|Any CPU
		{C9A398F2-1336-4ACE-851F-49ACB04995F3}.Release|Any CPU.ActiveCfg = Release|Any CPU
		{C9A398F2-1336-4ACE-851F-49ACB04995F3}.Release|Any CPU.Build.0 = Release|Any CPU
		{79D863FC-64DC-4231-9AA6-DDE2B61D5757}.Debug|Any CPU.ActiveCfg = Debug|Any CPU
		{79D863FC-64DC-4231-9AA6-DDE2B61D5757}.Debug|Any CPU.Build.0 = Debug|Any CPU
		{79D863FC-64DC-4231-9AA6-DDE2B61D5757}.Release|Any CPU.ActiveCfg = Release|Any CPU
		{79D863FC-64DC-4231-9AA6-DDE2B61D5757}.Release|Any CPU.Build.0 = Release|Any CPU
		{F35B0B68-A851-4132-8123-768097AA50E6}.Debug|Any CPU.ActiveCfg = Debug|Any CPU
		{F35B0B68-A851-4132-8123-768097AA50E6}.Debug|Any CPU.Build.0 = Debug|Any CPU
		{F35B0B68-A851-4132-8123-768097AA50E6}.Release|Any CPU.ActiveCfg = Release|Any CPU
		{F35B0B68-A851-4132-8123-768097AA50E6}.Release|Any CPU.Build.0 = Release|Any CPU
		{C502C85D-0E9B-45E7-BF04-0CC032FBC431}.Debug|Any CPU.ActiveCfg = Debug|Any CPU
		{C502C85D-0E9B-45E7-BF04-0CC032FBC431}.Debug|Any CPU.Build.0 = Debug|Any CPU
		{C502C85D-0E9B-45E7-BF04-0CC032FBC431}.Release|Any CPU.ActiveCfg = Release|Any CPU
		{C502C85D-0E9B-45E7-BF04-0CC032FBC431}.Release|Any CPU.Build.0 = Release|Any CPU
		{D3D03543-5F89-4660-8B39-6D13CD97FEEF}.Debug|Any CPU.ActiveCfg = Debug|Any CPU
		{D3D03543-5F89-4660-8B39-6D13CD97FEEF}.Debug|Any CPU.Build.0 = Debug|Any CPU
		{D3D03543-5F89-4660-8B39-6D13CD97FEEF}.Release|Any CPU.ActiveCfg = Release|Any CPU
		{D3D03543-5F89-4660-8B39-6D13CD97FEEF}.Release|Any CPU.Build.0 = Release|Any CPU
		{6427971D-9783-4519-BEED-B2B1D61B0C0D}.Debug|Any CPU.ActiveCfg = Debug|Any CPU
		{6427971D-9783-4519-BEED-B2B1D61B0C0D}.Debug|Any CPU.Build.0 = Debug|Any CPU
		{6427971D-9783-4519-BEED-B2B1D61B0C0D}.Release|Any CPU.ActiveCfg = Release|Any CPU
		{6427971D-9783-4519-BEED-B2B1D61B0C0D}.Release|Any CPU.Build.0 = Release|Any CPU
		{44695AAA-6BFB-4F32-819E-DC3A9E366762}.Debug|Any CPU.ActiveCfg = Debug|Any CPU
		{44695AAA-6BFB-4F32-819E-DC3A9E366762}.Debug|Any CPU.Build.0 = Debug|Any CPU
		{44695AAA-6BFB-4F32-819E-DC3A9E366762}.Release|Any CPU.ActiveCfg = Release|Any CPU
		{44695AAA-6BFB-4F32-819E-DC3A9E366762}.Release|Any CPU.Build.0 = Release|Any CPU
	EndGlobalSection
	GlobalSection(SolutionProperties) = preSolution
		HideSolutionNode = FALSE
	EndGlobalSection
	GlobalSection(NestedProjects) = preSolution
		{C2A154B5-B432-4C4E-AEF5-8E11EA3D9C0D} = {2AE8D88D-EFDA-4668-B50B-F3EFB15CAD48}
		{6D7CB9F2-4743-4057-A3F2-06A2C9B41D3C} = {2AE8D88D-EFDA-4668-B50B-F3EFB15CAD48}
		{44632EE2-1BFD-4FEB-ABDF-787948C6AFE2} = {2AE8D88D-EFDA-4668-B50B-F3EFB15CAD48}
		{C9A398F2-1336-4ACE-851F-49ACB04995F3} = {2AE8D88D-EFDA-4668-B50B-F3EFB15CAD48}
		{79D863FC-64DC-4231-9AA6-DDE2B61D5757} = {2AE8D88D-EFDA-4668-B50B-F3EFB15CAD48}
		{F35B0B68-A851-4132-8123-768097AA50E6} = {2AE8D88D-EFDA-4668-B50B-F3EFB15CAD48}
		{C502C85D-0E9B-45E7-BF04-0CC032FBC431} = {2AE8D88D-EFDA-4668-B50B-F3EFB15CAD48}
		{D3D03543-5F89-4660-8B39-6D13CD97FEEF} = {2AE8D88D-EFDA-4668-B50B-F3EFB15CAD48}
		{6427971D-9783-4519-BEED-B2B1D61B0C0D} = {2AE8D88D-EFDA-4668-B50B-F3EFB15CAD48}
		{44695AAA-6BFB-4F32-819E-DC3A9E366762} = {2AE8D88D-EFDA-4668-B50B-F3EFB15CAD48}
	EndGlobalSection
	GlobalSection(ExtensibilityGlobals) = postSolution
		SolutionGuid = {52AAEAFE-C2BD-46BE-A355-C8342AFA948A}
	EndGlobalSection
EndGlobal
